
Microsoft Visual Studio Solution File, Format Version 12.00
# Visual Studio Version 17
VisualStudioVersion = 17.3.32929.385
MinimumVisualStudioVersion = 10.0.40219.1
Project("{9A19103F-16F7-4668-BE54-9A1E7A4F7556}") = "SuperHeroApi.7", "SuperHeroApi.7.csproj", "{2A8D979E-40EF-43EB-9288-E85AE4685F42}"
EndProject
Project("{2150E333-8FDC-42A3-9474-1A3956D46DE8}") = "Solution Items", "Solution Items", "{EBA6A49E-816D-4B00-B04B-452299DCEC7A}"
	ProjectSection(SolutionItems) = preProject
		.editorconfig = .editorconfig
	EndProjectSection
EndProject
Global
	GlobalSection(SolutionConfigurationPlatforms) = preSolution
		Debug|Any CPU = Debug|Any CPU
		Release|Any CPU = Release|Any CPU
	EndGlobalSection
	GlobalSection(ProjectConfigurationPlatforms) = postSolution
		{2A8D979E-40EF-43EB-9288-E85AE4685F42}.Debug|Any CPU.ActiveCfg = Debug|Any CPU
		{2A8D979E-40EF-43EB-9288-E85AE4685F42}.Debug|Any CPU.Build.0 = Debug|Any CPU
		{2A8D979E-40EF-43EB-9288-E85AE4685F42}.Release|Any CPU.ActiveCfg = Release|Any CPU
		{2A8D979E-40EF-43EB-9288-E85AE4685F42}.Release|Any CPU.Build.0 = Release|Any CPU
	EndGlobalSection
	GlobalSection(SolutionProperties) = preSolution
		HideSolutionNode = FALSE
	EndGlobalSection
	GlobalSection(ExtensibilityGlobals) = postSolution
		SolutionGuid = {BCB919E4-35F5-4B59-B20E-E4313D50210D}
	EndGlobalSection
EndGlobal
